
Microsoft Visual Studio Solution File, Format Version 12.00
# Visual Studio Version 17
VisualStudioVersion = 17.11.35208.52
MinimumVisualStudioVersion = 10.0.40219.1
Project("{FAE04EC0-301F-11D3-BF4B-00C04F79EFBC}") = "API_CSHARP", "API_CSHARP\API_CSHARP.csproj", "{0A51A676-1D8B-4703-A631-814501856C41}"
EndProject
Global
	GlobalSection(SolutionConfigurationPlatforms) = preSolution
		Debug|Any CPU = Debug|Any CPU
		Release|Any CPU = Release|Any CPU
	EndGlobalSection
	GlobalSection(ProjectConfigurationPlatforms) = postSolution
		{0A51A676-1D8B-4703-A631-814501856C41}.Debug|Any CPU.ActiveCfg = Debug|Any CPU
		{0A51A676-1D8B-4703-A631-814501856C41}.Debug|Any CPU.Build.0 = Debug|Any CPU
		{0A51A676-1D8B-4703-A631-814501856C41}.Release|Any CPU.ActiveCfg = Release|Any CPU
		{0A51A676-1D8B-4703-A631-814501856C41}.Release|Any CPU.Build.0 = Release|Any CPU
	EndGlobalSection
	GlobalSection(SolutionProperties) = preSolution
		HideSolutionNode = FALSE
	EndGlobalSection
	GlobalSection(ExtensibilityGlobals) = postSolution
		SolutionGuid = {5C11A84A-B2B8-4E05-8718-C1568ABF2424}
	EndGlobalSection
EndGlobal
